{
    "_readme": [
        "This file locks the dependencies of your project to a known state",
        "Read more about it at https://getcomposer.org/doc/01-basic-usage.md#installing-dependencies",
        "This file is @generated automatically"
    ],
    "content-hash": "eef2ecaa94a1d5b43547c9a4b2e86483",
    "packages": [
        {
            "name": "erusev/parsedown",
            "version": "1.7.1",
            "source": {
                "type": "git",
                "url": "https://github.com/erusev/parsedown.git",
                "reference": "92e9c27ba0e74b8b028b111d1b6f956a15c01fc1"
            },
            "dist": {
                "type": "zip",
                "url": "https://api.github.com/repos/erusev/parsedown/zipball/92e9c27ba0e74b8b028b111d1b6f956a15c01fc1",
                "reference": "92e9c27ba0e74b8b028b111d1b6f956a15c01fc1",
                "shasum": ""
            },
            "require": {
                "ext-mbstring": "*",
                "php": ">=5.3.0"
            },
            "require-dev": {
                "phpunit/phpunit": "^4.8.35"
            },
            "type": "library",
            "autoload": {
                "psr-0": {
                    "Parsedown": ""
                }
            },
            "notification-url": "https://packagist.org/downloads/",
            "license": [
                "MIT"
            ],
            "authors": [
                {
                    "name": "Emanuil Rusev",
                    "email": "hello@erusev.com",
                    "homepage": "http://erusev.com"
                }
            ],
            "description": "Parser for Markdown.",
            "homepage": "http://parsedown.org",
            "keywords": [
                "markdown",
                "parser"
            ],
            "time": "2018-03-08T01:11:30+00:00"
        },
        {
            "name": "jiny/config",
            "version": "0.0.1",
            "source": {
                "type": "git",
                "url": "https://github.com/jinyphp/config.git",
                "reference": "421de6bc17877e28c4f151a61b505a46be715e6c"
            },
            "dist": {
                "type": "zip",
                "url": "https://api.github.com/repos/jinyphp/config/zipball/421de6bc17877e28c4f151a61b505a46be715e6c",
                "reference": "421de6bc17877e28c4f151a61b505a46be715e6c",
                "shasum": ""
            },
            "require": {
                "php": ">= 7.0"
            },
            "type": "library",
            "autoload": {
                "psr-4": {
                    "Jiny\\Config\\": "src/"
                }
            },
            "notification-url": "https://packagist.org/downloads/",
            "license": [
                "MIT"
            ],
            "authors": [
                {
                    "name": "hojinlee",
                    "email": "infohojin@gmail.com",
                    "homepage": "http://hojin.io"
                }
            ],
            "description": "jiny config",
            "homepage": "http://jiny.hojin.io",
            "keywords": [
                "config",
                "framwork",
                "jiny"
            ],
            "time": "2018-06-09T09:01:15+00:00"
        },
        {
            "name": "jiny/core",
            "version": "0.0.1",
            "source": {
                "type": "git",
                "url": "https://github.com/jinyphp/core.git",
                "reference": "919b0ab21b78a612f2c1e2b48b833c0193d96ac0"
            },
            "dist": {
                "type": "zip",
                "url": "https://api.github.com/repos/jinyphp/core/zipball/919b0ab21b78a612f2c1e2b48b833c0193d96ac0",
                "reference": "919b0ab21b78a612f2c1e2b48b833c0193d96ac0",
                "shasum": ""
            },
            "type": "library",
            "autoload": {
                "psr-4": {
                    "Jiny\\Core\\": "src/"
                }
            },
            "notification-url": "https://packagist.org/downloads/",
            "license": [
                "MIT"
            ],
            "authors": [
                {
                    "name": "hojinlee",
                    "email": "infohojin@gmail.com"
                }
            ],
            "description": "jiny framwork core",
            "time": "2018-05-19T08:08:42+00:00"
        },
        {
            "name": "jiny/frontmatter",
            "version": "0.0.1",
            "source": {
                "type": "git",
                "url": "https://github.com/jinyphp/frontmatter.git",
                "reference": "7d0d0024c2f57edc22f307c889d6013b86515ebb"
            },
            "dist": {
                "type": "zip",
                "url": "https://api.github.com/repos/jinyphp/frontmatter/zipball/7d0d0024c2f57edc22f307c889d6013b86515ebb",
                "reference": "7d0d0024c2f57edc22f307c889d6013b86515ebb",
                "shasum": ""
            },
            "require": {
                "php": ">= 7.0",
                "webuni/front-matter": "^1.1"
            },
            "type": "library",
            "autoload": {
                "psr-4": {
                    "Jiny\\Frontmatter\\": "src/"
                }
            },
            "notification-url": "https://packagist.org/downloads/",
            "license": [
                "MIT"
            ],
            "authors": [
                {
                    "name": "hojinlee",
                    "email": "infohojin@gmail.com",
                    "homepage": "http://hojin.io"
                }
            ],
            "description": "jiny frontmatter",
            "homepage": "http://jiny.hojin.io",
            "keywords": [
                "framwork",
                "frontmatter",
                "jiny"
            ],
            "time": "2018-06-09T09:38:54+00:00"
        },
        {
            "name": "jiny/theme",
            "version": "0.0.1",
            "source": {
                "type": "git",
                "url": "https://github.com/jinyphp/theme.git",
                "reference": "6f1196ba67909412f26fc450343883ef8293b002"
            },
            "dist": {
                "type": "zip",
                "url": "https://api.github.com/repos/jinyphp/theme/zipball/6f1196ba67909412f26fc450343883ef8293b002",
                "reference": "6f1196ba67909412f26fc450343883ef8293b002",
                "shasum": ""
            },
            "require": {
                "php": ">= 7.0"
            },
            "type": "library",
            "autoload": {
                "psr-4": {
                    "Jiny\\Theme\\": "src/"
                }
            },
            "notification-url": "https://packagist.org/downloads/",
            "license": [
                "MIT"
            ],
            "authors": [
                {
                    "name": "hojinlee",
                    "email": "infohojin@gmail.com",
                    "homepage": "http://hojin.io"
                }
            ],
            "description": "jiny theme",
            "homepage": "http://jiny.hojin.io",
            "keywords": [
                "framwork",
                "jiny",
                "theme"
            ],
            "time": "2018-06-05T18:11:27+00:00"
        },
        {
            "name": "symfony/polyfill-ctype",
            "version": "v1.8.0",
            "source": {
                "type": "git",
                "url": "https://github.com/symfony/polyfill-ctype.git",
                "reference": "7cc359f1b7b80fc25ed7796be7d96adc9b354bae"
            },
            "dist": {
                "type": "zip",
                "url": "https://api.github.com/repos/symfony/polyfill-ctype/zipball/7cc359f1b7b80fc25ed7796be7d96adc9b354bae",
                "reference": "7cc359f1b7b80fc25ed7796be7d96adc9b354bae",
                "shasum": ""
            },
            "require": {
                "php": ">=5.3.3"
            },
            "type": "library",
            "extra": {
                "branch-alias": {
                    "dev-master": "1.8-dev"
                }
            },
            "autoload": {
                "psr-4": {
                    "Symfony\\Polyfill\\Ctype\\": ""
                },
                "files": [
                    "bootstrap.php"
                ]
            },
            "notification-url": "https://packagist.org/downloads/",
            "license": [
                "MIT"
            ],
            "authors": [
                {
                    "name": "Symfony Community",
                    "homepage": "https://symfony.com/contributors"
                },
                {
                    "name": "Gert de Pagter",
                    "email": "BackEndTea@gmail.com"
                }
            ],
            "description": "Symfony polyfill for ctype functions",
            "homepage": "https://symfony.com",
            "keywords": [
                "compatibility",
                "ctype",
                "polyfill",
                "portable"
            ],
            "time": "2018-04-30T19:57:29+00:00"
        },
        {
            "name": "symfony/yaml",
            "version": "v4.1.0",
            "source": {
                "type": "git",
                "url": "https://github.com/symfony/yaml.git",
                "reference": "80e4bfa9685fc4a09acc4a857ec16974a9cd944e"
            },
            "dist": {
                "type": "zip",
                "url": "https://api.github.com/repos/symfony/yaml/zipball/80e4bfa9685fc4a09acc4a857ec16974a9cd944e",
                "reference": "80e4bfa9685fc4a09acc4a857ec16974a9cd944e",
                "shasum": ""
            },
            "require": {
                "php": "^7.1.3",
                "symfony/polyfill-ctype": "~1.8"
            },
            "conflict": {
                "symfony/console": "<3.4"
            },
            "require-dev": {
                "symfony/console": "~3.4|~4.0"
            },
            "suggest": {
                "symfony/console": "For validating YAML files using the lint command"
            },
            "type": "library",
            "extra": {
                "branch-alias": {
                    "dev-master": "4.1-dev"
                }
            },
            "autoload": {
                "psr-4": {
                    "Symfony\\Component\\Yaml\\": ""
                },
                "exclude-from-classmap": [
                    "/Tests/"
                ]
            },
            "notification-url": "https://packagist.org/downloads/",
            "license": [
                "MIT"
            ],
            "authors": [
                {
                    "name": "Fabien Potencier",
                    "email": "fabien@symfony.com"
                },
                {
                    "name": "Symfony Community",
                    "homepage": "https://symfony.com/contributors"
                }
            ],
            "description": "Symfony Yaml Component",
            "homepage": "https://symfony.com",
            "time": "2018-05-30T07:26:09+00:00"
        },
        {
            "name": "webuni/front-matter",
            "version": "1.1.0",
            "source": {
                "type": "git",
                "url": "https://github.com/webuni/front-matter.git",
                "reference": "c7d1c51f9864ff015365ce515374e63bcd3b558e"
            },
            "dist": {
                "type": "zip",
                "url": "https://api.github.com/repos/webuni/front-matter/zipball/c7d1c51f9864ff015365ce515374e63bcd3b558e",
                "reference": "c7d1c51f9864ff015365ce515374e63bcd3b558e",
                "shasum": ""
            },
            "require": {
                "php": "^5.6|^7.0",
                "symfony/yaml": "^2.3|^3.0|^4.0"
            },
            "require-dev": {
                "friendsofphp/php-cs-fixer": "^2.9",
                "mthaml/mthaml": "^1.3",
                "nette/neon": "^2.2",
                "phpunit/phpunit": "^5.7|^6.0|^7.0",
                "symfony/var-dumper": "^3.0|^4.0",
                "twig/twig": "^1.27|^2.0",
                "vimeo/psalm": "^1.0",
                "yosymfony/toml": "~0.3|^1.0"
            },
            "suggest": {
                "nette/neon": "If you want to use NEON as front matter",
                "yosymfony/toml": "If you want to use TOML as front matter"
            },
            "type": "library",
            "extra": {
                "branch-alias": {
                    "dev-master": "1.2-dev"
                }
            },
            "autoload": {
                "psr-4": {
                    "Webuni\\FrontMatter\\": "src"
                }
            },
            "notification-url": "https://packagist.org/downloads/",
            "license": [
                "MIT"
            ],
            "authors": [
                {
                    "name": "Martin Hasoň",
                    "email": "martin.hason@gmail.com"
                },
                {
                    "name": "Webuni s.r.o.",
                    "homepage": "https://www.webuni.cz"
                }
            ],
            "description": "Front matter parser and dumper for PHP",
            "homepage": "https://github.com/webuni/front-matter",
            "keywords": [
                "front-matter",
                "json",
                "neon",
                "toml",
                "yaml"
            ],
            "time": "2018-03-20T13:36:33+00:00"
        }
    ],
    "packages-dev": [],
    "aliases": [],
    "minimum-stability": "stable",
    "stability-flags": [],
    "prefer-stable": false,
    "prefer-lowest": false,
    "platform": [],
    "platform-dev": []
}
