{
    "_readme": [
        "This file locks the dependencies of your project to a known state",
        "Read more about it at https://getcomposer.org/doc/01-basic-usage.md#installing-dependencies",
        "This file is @generated automatically"
    ],
    "content-hash": "4aac27934c022a83d3c0dda9f563d5dd",
    "packages": [
        {
            "name": "jiny/hello",
            "version": "0.0.2",
            "source": {
                "type": "git",
                "url": "https://github.com/jinyphp/hello.git",
                "reference": "6c77055e15e6aee8b6cb317609f63cc276b09086"
            },
            "dist": {
                "type": "zip",
                "url": "https://api.github.com/repos/jinyphp/hello/zipball/6c77055e15e6aee8b6cb317609f63cc276b09086",
                "reference": "6c77055e15e6aee8b6cb317609f63cc276b09086",
                "shasum": ""
            },
            "type": "library",
            "autoload": {
                "psr-4": {
                    "Jiny\\Hello\\": "src/"
                }
            },
            "notification-url": "https://packagist.org/downloads/",
            "license": [
                "MIT"
            ],
            "authors": [
                {
                    "name": "hojinlee",
                    "email": "infohojin@gmail.com"
                }
            ],
            "description": "composer package make test",
            "time": "2018-05-18T12:06:22+00:00"
        },
        {
            "name": "liquid/liquid",
            "version": "1.4.8",
            "source": {
                "type": "git",
                "url": "https://github.com/kalimatas/php-liquid.git",
                "reference": "df8235679d06d57b54d4e1cfd562bbd39f8862a0"
            },
            "dist": {
                "type": "zip",
                "url": "https://api.github.com/repos/kalimatas/php-liquid/zipball/df8235679d06d57b54d4e1cfd562bbd39f8862a0",
                "reference": "df8235679d06d57b54d4e1cfd562bbd39f8862a0",
                "shasum": ""
            },
            "require": {
                "php": ">= 5.6"
            },
            "require-dev": {
                "friendsofphp/php-cs-fixer": "^2.6",
                "phpunit/phpunit": "<6",
                "satooshi/php-coveralls": "^1.0"
            },
            "type": "library",
            "autoload": {
                "psr-4": {
                    "Liquid\\": "src/Liquid"
                }
            },
            "notification-url": "https://packagist.org/downloads/",
            "license": [
                "MIT"
            ],
            "authors": [
                {
                    "name": "Guz Alexander",
                    "email": "kalimatas@gmail.com",
                    "homepage": "http://guzalexander.com"
                },
                {
                    "name": "Harald Hanek"
                },
                {
                    "name": "Mateo Murphy"
                },
                {
                    "name": "Alexey Kopytko",
                    "email": "alexey@kopytko.com",
                    "homepage": "https://www.alexeykopytko.com/"
                }
            ],
            "description": "Liquid template engine for PHP",
            "homepage": "https://github.com/kalimatas/php-liquid",
            "keywords": [
                "liquid",
                "template"
            ],
            "time": "2018-03-22T03:13:18+00:00"
        }
    ],
    "packages-dev": [],
    "aliases": [],
    "minimum-stability": "stable",
    "stability-flags": [],
    "prefer-stable": false,
    "prefer-lowest": false,
    "platform": [],
    "platform-dev": []
}
