{
    "_readme": [
        "This file locks the dependencies of your project to a known state",
        "Read more about it at https://getcomposer.org/doc/01-basic-usage.md#installing-dependencies",
        "This file is @generated automatically"
    ],
    "content-hash": "7f5d7983b89d91e5b126578dea81aad5",
    "packages": [
        {
            "name": "erusev/parsedown",
            "version": "1.7.1",
            "source": {
                "type": "git",
                "url": "https://github.com/erusev/parsedown.git",
                "reference": "92e9c27ba0e74b8b028b111d1b6f956a15c01fc1"
            },
            "dist": {
                "type": "zip",
                "url": "https://api.github.com/repos/erusev/parsedown/zipball/92e9c27ba0e74b8b028b111d1b6f956a15c01fc1",
                "reference": "92e9c27ba0e74b8b028b111d1b6f956a15c01fc1",
                "shasum": ""
            },
            "require": {
                "ext-mbstring": "*",
                "php": ">=5.3.0"
            },
            "require-dev": {
                "phpunit/phpunit": "^4.8.35"
            },
            "type": "library",
            "autoload": {
                "psr-0": {
                    "Parsedown": ""
                }
            },
            "notification-url": "https://packagist.org/downloads/",
            "license": [
                "MIT"
            ],
            "authors": [
                {
                    "name": "Emanuil Rusev",
                    "email": "hello@erusev.com",
                    "homepage": "http://erusev.com"
                }
            ],
            "description": "Parser for Markdown.",
            "homepage": "http://parsedown.org",
            "keywords": [
                "markdown",
                "parser"
            ],
            "time": "2018-03-08T01:11:30+00:00"
        },
        {
            "name": "jiny/config",
            "version": "0.0.8",
            "source": {
                "type": "git",
                "url": "https://github.com/jinyphp/config.git",
                "reference": "92b03ac67f282aa76519299dee2a6b92551fdbc9"
            },
            "dist": {
                "type": "zip",
                "url": "https://api.github.com/repos/jinyphp/config/zipball/92b03ac67f282aa76519299dee2a6b92551fdbc9",
                "reference": "92b03ac67f282aa76519299dee2a6b92551fdbc9",
                "shasum": ""
            },
            "require": {
                "php": ">= 7.0"
            },
            "type": "library",
            "autoload": {
                "psr-4": {
                    "Jiny\\Config\\": "src/"
                },
                "files": [
                    "src/Helpers/Helper.php"
                ]
            },
            "notification-url": "https://packagist.org/downloads/",
            "license": [
                "MIT"
            ],
            "authors": [
                {
                    "name": "hojinlee",
                    "email": "infohojin@gmail.com",
                    "homepage": "http://hojin.io"
                }
            ],
            "description": "jiny config",
            "homepage": "http://jiny.hojin.io",
            "keywords": [
                "config",
                "framwork",
                "jiny"
            ],
            "time": "2018-07-21T08:31:15+00:00"
        },
        {
            "name": "jiny/core",
            "version": "0.0.10",
            "source": {
                "type": "git",
                "url": "https://github.com/jinyphp/core.git",
                "reference": "732be3fa8e655918b0e23ba6c9346522037bf352"
            },
            "dist": {
                "type": "zip",
                "url": "https://api.github.com/repos/jinyphp/core/zipball/732be3fa8e655918b0e23ba6c9346522037bf352",
                "reference": "732be3fa8e655918b0e23ba6c9346522037bf352",
                "shasum": ""
            },
            "require": {
                "php": ">= 7.0"
            },
            "type": "library",
            "autoload": {
                "psr-4": {
                    "Jiny\\Core\\": "src/"
                },
                "files": [
                    "src/Helpers/Helper.php"
                ]
            },
            "notification-url": "https://packagist.org/downloads/",
            "license": [
                "MIT"
            ],
            "authors": [
                {
                    "name": "hojinlee",
                    "email": "infohojin@gmail.com",
                    "homepage": "http://hojin.io"
                }
            ],
            "description": "jiny framwork core",
            "homepage": "http://jiny.hojin.io",
            "keywords": [
                "framwork",
                "jiny"
            ],
            "time": "2018-07-21T10:26:42+00:00"
        },
        {
            "name": "jiny/frontmatter",
            "version": "0.0.7",
            "source": {
                "type": "git",
                "url": "https://github.com/jinyphp/frontmatter.git",
                "reference": "5e116932c4c77042f75434406bfd4e11523f9a58"
            },
            "dist": {
                "type": "zip",
                "url": "https://api.github.com/repos/jinyphp/frontmatter/zipball/5e116932c4c77042f75434406bfd4e11523f9a58",
                "reference": "5e116932c4c77042f75434406bfd4e11523f9a58",
                "shasum": ""
            },
            "require": {
                "php": ">= 7.0",
                "webuni/front-matter": "^1.1"
            },
            "type": "library",
            "autoload": {
                "psr-4": {
                    "Jiny\\Frontmatter\\": "src/"
                },
                "files": [
                    "src/Helpers/Helper.php"
                ]
            },
            "notification-url": "https://packagist.org/downloads/",
            "license": [
                "MIT"
            ],
            "authors": [
                {
                    "name": "hojinlee",
                    "email": "infohojin@gmail.com",
                    "homepage": "http://hojin.io"
                }
            ],
            "description": "jiny frontMatter",
            "homepage": "http://jiny.hojin.io",
            "keywords": [
                "framwork",
                "frontmatter",
                "jiny"
            ],
            "time": "2018-07-21T08:51:26+00:00"
        },
        {
            "name": "jiny/lamp",
            "version": "0.0.3",
            "source": {
                "type": "git",
                "url": "https://github.com/jinyphp/lamp.git",
                "reference": "5eaedbd5ee8dc5768ebe3caa304250297ca8f1d7"
            },
            "dist": {
                "type": "zip",
                "url": "https://api.github.com/repos/jinyphp/lamp/zipball/5eaedbd5ee8dc5768ebe3caa304250297ca8f1d7",
                "reference": "5eaedbd5ee8dc5768ebe3caa304250297ca8f1d7",
                "shasum": ""
            },
            "require": {
                "php": ">= 7.0"
            },
            "bin": [
                "lamp"
            ],
            "type": "library",
            "autoload": {
                "psr-4": {
                    "Jiny\\Lamp\\": "src/"
                }
            },
            "notification-url": "https://packagist.org/downloads/",
            "license": [
                "MIT"
            ],
            "authors": [
                {
                    "name": "hojinlee",
                    "email": "infohojin@gmail.com",
                    "homepage": "http://hojin.io"
                }
            ],
            "description": "jiny console",
            "homepage": "http://jiny.hojin.io",
            "keywords": [
                "console",
                "framwork",
                "jiny",
                "lamp"
            ],
            "time": "2018-07-19T08:35:32+00:00"
        },
        {
            "name": "jiny/locale",
            "version": "0.0.3",
            "source": {
                "type": "git",
                "url": "https://github.com/jinyphp/locale.git",
                "reference": "ecb2cf2950a8216c09ce572de53ab03f39fca9af"
            },
            "dist": {
                "type": "zip",
                "url": "https://api.github.com/repos/jinyphp/locale/zipball/ecb2cf2950a8216c09ce572de53ab03f39fca9af",
                "reference": "ecb2cf2950a8216c09ce572de53ab03f39fca9af",
                "shasum": ""
            },
            "require": {
                "php": ">= 7.0"
            },
            "type": "library",
            "autoload": {
                "psr-4": {
                    "Jiny\\Locale\\": "src/"
                }
            },
            "notification-url": "https://packagist.org/downloads/",
            "license": [
                "MIT"
            ],
            "authors": [
                {
                    "name": "hojinlee",
                    "email": "infohojin@gmail.com",
                    "homepage": "http://hojin.io"
                }
            ],
            "description": "JINY Locale",
            "homepage": "http://jiny.hojin.io",
            "keywords": [
                "framwork",
                "jiny",
                "locale"
            ],
            "time": "2018-07-19T08:37:20+00:00"
        },
        {
            "name": "jiny/menu",
            "version": "0.0.5",
            "source": {
                "type": "git",
                "url": "https://github.com/jinyphp/menu.git",
                "reference": "24040e58716b58828b7de49b3381f5ed4d807ccc"
            },
            "dist": {
                "type": "zip",
                "url": "https://api.github.com/repos/jinyphp/menu/zipball/24040e58716b58828b7de49b3381f5ed4d807ccc",
                "reference": "24040e58716b58828b7de49b3381f5ed4d807ccc",
                "shasum": ""
            },
            "require": {
                "php": ">= 7.0"
            },
            "type": "library",
            "autoload": {
                "psr-4": {
                    "Jiny\\Menu\\": "src/"
                },
                "files": [
                    "src/Helper/Helpers.php"
                ]
            },
            "notification-url": "https://packagist.org/downloads/",
            "license": [
                "MIT"
            ],
            "authors": [
                {
                    "name": "hojinlee",
                    "email": "infohojin@gmail.com",
                    "homepage": "http://hojin.io"
                }
            ],
            "description": "jiny Framwork Menu",
            "homepage": "http://jiny.hojin.io",
            "keywords": [
                "framwork",
                "jiny",
                "menu"
            ],
            "time": "2018-07-21T08:53:43+00:00"
        },
        {
            "name": "jiny/pages",
            "version": "0.0.5",
            "source": {
                "type": "git",
                "url": "https://github.com/jinyphp/pages.git",
                "reference": "86df0450ea663a7528ea7424d3224405c3213b46"
            },
            "dist": {
                "type": "zip",
                "url": "https://api.github.com/repos/jinyphp/pages/zipball/86df0450ea663a7528ea7424d3224405c3213b46",
                "reference": "86df0450ea663a7528ea7424d3224405c3213b46",
                "shasum": ""
            },
            "require": {
                "php": ">= 7.0"
            },
            "type": "library",
            "autoload": {
                "psr-4": {
                    "Jiny\\Pages\\": "src/"
                },
                "files": [
                    "src/Helpers/Helper.php"
                ]
            },
            "notification-url": "https://packagist.org/downloads/",
            "license": [
                "MIT"
            ],
            "authors": [
                {
                    "name": "hojinlee",
                    "email": "infohojin@gmail.com",
                    "homepage": "http://hojin.io"
                }
            ],
            "description": "jiny Pages controllers",
            "homepage": "http://jiny.hojin.io",
            "keywords": [
                "framwork",
                "jiny",
                "pages"
            ],
            "time": "2018-07-21T08:56:19+00:00"
        },
        {
            "name": "jiny/router",
            "version": "0.0.4",
            "source": {
                "type": "git",
                "url": "https://github.com/jinyphp/router.git",
                "reference": "3e594a67027dccbdb069c51f83b7c4697ed3069f"
            },
            "dist": {
                "type": "zip",
                "url": "https://api.github.com/repos/jinyphp/router/zipball/3e594a67027dccbdb069c51f83b7c4697ed3069f",
                "reference": "3e594a67027dccbdb069c51f83b7c4697ed3069f",
                "shasum": ""
            },
            "require": {
                "php": ">= 7.0"
            },
            "type": "library",
            "autoload": {
                "psr-4": {
                    "Jiny\\Router\\": "src/"
                },
                "files": [
                    "src/Helpers/Helper.php"
                ]
            },
            "notification-url": "https://packagist.org/downloads/",
            "license": [
                "MIT"
            ],
            "authors": [
                {
                    "name": "hojinlee",
                    "email": "infohojin@gmail.com",
                    "homepage": "http://hojin.io"
                }
            ],
            "description": "jiny router",
            "homepage": "http://jiny.hojin.io",
            "keywords": [
                "framwork",
                "jiny",
                "router"
            ],
            "time": "2018-07-21T09:00:56+00:00"
        },
        {
            "name": "jiny/template",
            "version": "0.0.4",
            "source": {
                "type": "git",
                "url": "https://github.com/jinyphp/template.git",
                "reference": "c5cb927ec7a7ecc76a7d19bb802849f66f8d1f68"
            },
            "dist": {
                "type": "zip",
                "url": "https://api.github.com/repos/jinyphp/template/zipball/c5cb927ec7a7ecc76a7d19bb802849f66f8d1f68",
                "reference": "c5cb927ec7a7ecc76a7d19bb802849f66f8d1f68",
                "shasum": ""
            },
            "require": {
                "php": ">= 7.0"
            },
            "type": "library",
            "autoload": {
                "psr-4": {
                    "Jiny\\Template\\": "src/"
                }
            },
            "notification-url": "https://packagist.org/downloads/",
            "license": [
                "MIT"
            ],
            "authors": [
                {
                    "name": "hojinlee",
                    "email": "infohojin@gmail.com",
                    "homepage": "http://hojin.io"
                }
            ],
            "description": "jiny Template",
            "homepage": "http://jiny.hojin.io",
            "keywords": [
                "framwork",
                "jiny",
                "template"
            ],
            "time": "2018-07-19T08:56:20+00:00"
        },
        {
            "name": "jiny/theme",
            "version": "0.0.5",
            "source": {
                "type": "git",
                "url": "https://github.com/jinyphp/theme.git",
                "reference": "4635ac47bb849d4f7ea840a3a4244c6d32815f7b"
            },
            "dist": {
                "type": "zip",
                "url": "https://api.github.com/repos/jinyphp/theme/zipball/4635ac47bb849d4f7ea840a3a4244c6d32815f7b",
                "reference": "4635ac47bb849d4f7ea840a3a4244c6d32815f7b",
                "shasum": ""
            },
            "require": {
                "php": ">= 7.0"
            },
            "type": "library",
            "autoload": {
                "psr-4": {
                    "Jiny\\Theme\\": "src/"
                },
                "files": [
                    "src/Helpers/Helper.php"
                ]
            },
            "notification-url": "https://packagist.org/downloads/",
            "license": [
                "MIT"
            ],
            "authors": [
                {
                    "name": "hojinlee",
                    "email": "infohojin@gmail.com",
                    "homepage": "http://hojin.io"
                }
            ],
            "description": "jiny Framwork Theme",
            "homepage": "http://jiny.hojin.io",
            "keywords": [
                "framwork",
                "jiny",
                "theme"
            ],
            "time": "2018-07-21T09:02:46+00:00"
        },
        {
            "name": "jiny/view",
            "version": "0.0.3",
            "source": {
                "type": "git",
                "url": "https://github.com/jinyphp/view.git",
                "reference": "7c4ec0c113d92d86999e0a5e526053eb7f34fc4c"
            },
            "dist": {
                "type": "zip",
                "url": "https://api.github.com/repos/jinyphp/view/zipball/7c4ec0c113d92d86999e0a5e526053eb7f34fc4c",
                "reference": "7c4ec0c113d92d86999e0a5e526053eb7f34fc4c",
                "shasum": ""
            },
            "require": {
                "php": ">= 7.0"
            },
            "type": "library",
            "autoload": {
                "psr-4": {
                    "Jiny\\View\\": "src/"
                },
                "files": [
                    "src/Helpers/Helper.php"
                ]
            },
            "notification-url": "https://packagist.org/downloads/",
            "license": [
                "MIT"
            ],
            "authors": [
                {
                    "name": "hojinlee",
                    "email": "infohojin@gmail.com",
                    "homepage": "http://hojin.io"
                }
            ],
            "description": "jiny framwork core",
            "homepage": "http://jiny.hojin.io",
            "keywords": [
                "framwork",
                "jiny"
            ],
            "time": "2018-07-21T09:04:13+00:00"
        },
        {
            "name": "liquid/liquid",
            "version": "1.4.8",
            "source": {
                "type": "git",
                "url": "https://github.com/kalimatas/php-liquid.git",
                "reference": "df8235679d06d57b54d4e1cfd562bbd39f8862a0"
            },
            "dist": {
                "type": "zip",
                "url": "https://api.github.com/repos/kalimatas/php-liquid/zipball/df8235679d06d57b54d4e1cfd562bbd39f8862a0",
                "reference": "df8235679d06d57b54d4e1cfd562bbd39f8862a0",
                "shasum": ""
            },
            "require": {
                "php": ">= 5.6"
            },
            "require-dev": {
                "friendsofphp/php-cs-fixer": "^2.6",
                "phpunit/phpunit": "<6",
                "satooshi/php-coveralls": "^1.0"
            },
            "type": "library",
            "autoload": {
                "psr-4": {
                    "Liquid\\": "src/Liquid"
                }
            },
            "notification-url": "https://packagist.org/downloads/",
            "license": [
                "MIT"
            ],
            "authors": [
                {
                    "name": "Guz Alexander",
                    "email": "kalimatas@gmail.com",
                    "homepage": "http://guzalexander.com"
                },
                {
                    "name": "Harald Hanek"
                },
                {
                    "name": "Mateo Murphy"
                },
                {
                    "name": "Alexey Kopytko",
                    "email": "alexey@kopytko.com",
                    "homepage": "https://www.alexeykopytko.com/"
                }
            ],
            "description": "Liquid template engine for PHP",
            "homepage": "https://github.com/kalimatas/php-liquid",
            "keywords": [
                "liquid",
                "template"
            ],
            "time": "2018-03-22T03:13:18+00:00"
        },
        {
            "name": "nadirhamid/docx-to-html",
            "version": "v0.0.1",
            "source": {
                "type": "git",
                "url": "https://github.com/nadirhamid/Docx-to-HTML.git",
                "reference": "0ccb7a1130d6afc9bd5b541f8404ab37e3fa0069"
            },
            "dist": {
                "type": "zip",
                "url": "https://api.github.com/repos/nadirhamid/Docx-to-HTML/zipball/0ccb7a1130d6afc9bd5b541f8404ab37e3fa0069",
                "reference": "0ccb7a1130d6afc9bd5b541f8404ab37e3fa0069",
                "shasum": ""
            },
            "require": {
                "php": ">=5.3.0"
            },
            "type": "library",
            "autoload": {
                "classmap": [
                    "source/"
                ]
            },
            "notification-url": "https://packagist.org/downloads/",
            "license": [
                "MIT"
            ],
            "description": "composer integration of xylude/Docx-to-HTML",
            "homepage": "https://github.com/nadirhamid/Docx-to-HTML",
            "keywords": [
                "docx",
                "html"
            ],
            "time": "2017-11-07T20:50:43+00:00"
        },
        {
            "name": "nikic/fast-route",
            "version": "v1.3.0",
            "source": {
                "type": "git",
                "url": "https://github.com/nikic/FastRoute.git",
                "reference": "181d480e08d9476e61381e04a71b34dc0432e812"
            },
            "dist": {
                "type": "zip",
                "url": "https://api.github.com/repos/nikic/FastRoute/zipball/181d480e08d9476e61381e04a71b34dc0432e812",
                "reference": "181d480e08d9476e61381e04a71b34dc0432e812",
                "shasum": ""
            },
            "require": {
                "php": ">=5.4.0"
            },
            "require-dev": {
                "phpunit/phpunit": "^4.8.35|~5.7"
            },
            "type": "library",
            "autoload": {
                "psr-4": {
                    "FastRoute\\": "src/"
                },
                "files": [
                    "src/functions.php"
                ]
            },
            "notification-url": "https://packagist.org/downloads/",
            "license": [
                "BSD-3-Clause"
            ],
            "authors": [
                {
                    "name": "Nikita Popov",
                    "email": "nikic@php.net"
                }
            ],
            "description": "Fast request router for PHP",
            "keywords": [
                "router",
                "routing"
            ],
            "time": "2018-02-13T20:26:39+00:00"
        },
        {
            "name": "sunra/php-simple-html-dom-parser",
            "version": "v1.5.2",
            "source": {
                "type": "git",
                "url": "https://github.com/sunra/php-simple-html-dom-parser.git",
                "reference": "75b9b1cb64502d8f8c04dc11b5906b969af247c6"
            },
            "dist": {
                "type": "zip",
                "url": "https://api.github.com/repos/sunra/php-simple-html-dom-parser/zipball/75b9b1cb64502d8f8c04dc11b5906b969af247c6",
                "reference": "75b9b1cb64502d8f8c04dc11b5906b969af247c6",
                "shasum": ""
            },
            "require": {
                "ext-mbstring": "*",
                "php": ">=5.3.2"
            },
            "type": "library",
            "autoload": {
                "psr-0": {
                    "Sunra\\PhpSimple\\HtmlDomParser": "Src/"
                }
            },
            "notification-url": "https://packagist.org/downloads/",
            "license": [
                "MIT"
            ],
            "authors": [
                {
                    "name": "Sunra",
                    "email": "sunra@yandex.ru",
                    "homepage": "https://github.com/sunra"
                },
                {
                    "name": "S.C. Chen",
                    "homepage": "http://sourceforge.net/projects/simplehtmldom/"
                }
            ],
            "description": "Composer adaptation of: A HTML DOM parser written in PHP5+ let you manipulate HTML in a very easy way! Require PHP 5+. Supports invalid HTML. Find tags on an HTML page with selectors just like jQuery. Extract contents from HTML in a single line.",
            "homepage": "https://github.com/sunra/php-simple-html-dom-parser",
            "keywords": [
                "dom",
                "html",
                "parser"
            ],
            "time": "2016-11-22T22:57:47+00:00"
        },
        {
            "name": "symfony/filesystem",
            "version": "v4.1.1",
            "source": {
                "type": "git",
                "url": "https://github.com/symfony/filesystem.git",
                "reference": "562bf7005b55fd80d26b582d28e3e10f2dd5ae9c"
            },
            "dist": {
                "type": "zip",
                "url": "https://api.github.com/repos/symfony/filesystem/zipball/562bf7005b55fd80d26b582d28e3e10f2dd5ae9c",
                "reference": "562bf7005b55fd80d26b582d28e3e10f2dd5ae9c",
                "shasum": ""
            },
            "require": {
                "php": "^7.1.3",
                "symfony/polyfill-ctype": "~1.8"
            },
            "type": "library",
            "extra": {
                "branch-alias": {
                    "dev-master": "4.1-dev"
                }
            },
            "autoload": {
                "psr-4": {
                    "Symfony\\Component\\Filesystem\\": ""
                },
                "exclude-from-classmap": [
                    "/Tests/"
                ]
            },
            "notification-url": "https://packagist.org/downloads/",
            "license": [
                "MIT"
            ],
            "authors": [
                {
                    "name": "Fabien Potencier",
                    "email": "fabien@symfony.com"
                },
                {
                    "name": "Symfony Community",
                    "homepage": "https://symfony.com/contributors"
                }
            ],
            "description": "Symfony Filesystem Component",
            "homepage": "https://symfony.com",
            "time": "2018-05-30T07:26:09+00:00"
        },
        {
            "name": "symfony/polyfill-ctype",
            "version": "v1.8.0",
            "source": {
                "type": "git",
                "url": "https://github.com/symfony/polyfill-ctype.git",
                "reference": "7cc359f1b7b80fc25ed7796be7d96adc9b354bae"
            },
            "dist": {
                "type": "zip",
                "url": "https://api.github.com/repos/symfony/polyfill-ctype/zipball/7cc359f1b7b80fc25ed7796be7d96adc9b354bae",
                "reference": "7cc359f1b7b80fc25ed7796be7d96adc9b354bae",
                "shasum": ""
            },
            "require": {
                "php": ">=5.3.3"
            },
            "type": "library",
            "extra": {
                "branch-alias": {
                    "dev-master": "1.8-dev"
                }
            },
            "autoload": {
                "psr-4": {
                    "Symfony\\Polyfill\\Ctype\\": ""
                },
                "files": [
                    "bootstrap.php"
                ]
            },
            "notification-url": "https://packagist.org/downloads/",
            "license": [
                "MIT"
            ],
            "authors": [
                {
                    "name": "Symfony Community",
                    "homepage": "https://symfony.com/contributors"
                },
                {
                    "name": "Gert de Pagter",
                    "email": "BackEndTea@gmail.com"
                }
            ],
            "description": "Symfony polyfill for ctype functions",
            "homepage": "https://symfony.com",
            "keywords": [
                "compatibility",
                "ctype",
                "polyfill",
                "portable"
            ],
            "time": "2018-04-30T19:57:29+00:00"
        },
        {
            "name": "symfony/yaml",
            "version": "v4.1.1",
            "source": {
                "type": "git",
                "url": "https://github.com/symfony/yaml.git",
                "reference": "80e4bfa9685fc4a09acc4a857ec16974a9cd944e"
            },
            "dist": {
                "type": "zip",
                "url": "https://api.github.com/repos/symfony/yaml/zipball/80e4bfa9685fc4a09acc4a857ec16974a9cd944e",
                "reference": "80e4bfa9685fc4a09acc4a857ec16974a9cd944e",
                "shasum": ""
            },
            "require": {
                "php": "^7.1.3",
                "symfony/polyfill-ctype": "~1.8"
            },
            "conflict": {
                "symfony/console": "<3.4"
            },
            "require-dev": {
                "symfony/console": "~3.4|~4.0"
            },
            "suggest": {
                "symfony/console": "For validating YAML files using the lint command"
            },
            "type": "library",
            "extra": {
                "branch-alias": {
                    "dev-master": "4.1-dev"
                }
            },
            "autoload": {
                "psr-4": {
                    "Symfony\\Component\\Yaml\\": ""
                },
                "exclude-from-classmap": [
                    "/Tests/"
                ]
            },
            "notification-url": "https://packagist.org/downloads/",
            "license": [
                "MIT"
            ],
            "authors": [
                {
                    "name": "Fabien Potencier",
                    "email": "fabien@symfony.com"
                },
                {
                    "name": "Symfony Community",
                    "homepage": "https://symfony.com/contributors"
                }
            ],
            "description": "Symfony Yaml Component",
            "homepage": "https://symfony.com",
            "time": "2018-05-30T07:26:09+00:00"
        },
        {
            "name": "webuni/front-matter",
            "version": "1.1.0",
            "source": {
                "type": "git",
                "url": "https://github.com/webuni/front-matter.git",
                "reference": "c7d1c51f9864ff015365ce515374e63bcd3b558e"
            },
            "dist": {
                "type": "zip",
                "url": "https://api.github.com/repos/webuni/front-matter/zipball/c7d1c51f9864ff015365ce515374e63bcd3b558e",
                "reference": "c7d1c51f9864ff015365ce515374e63bcd3b558e",
                "shasum": ""
            },
            "require": {
                "php": "^5.6|^7.0",
                "symfony/yaml": "^2.3|^3.0|^4.0"
            },
            "require-dev": {
                "friendsofphp/php-cs-fixer": "^2.9",
                "mthaml/mthaml": "^1.3",
                "nette/neon": "^2.2",
                "phpunit/phpunit": "^5.7|^6.0|^7.0",
                "symfony/var-dumper": "^3.0|^4.0",
                "twig/twig": "^1.27|^2.0",
                "vimeo/psalm": "^1.0",
                "yosymfony/toml": "~0.3|^1.0"
            },
            "suggest": {
                "nette/neon": "If you want to use NEON as front matter",
                "yosymfony/toml": "If you want to use TOML as front matter"
            },
            "type": "library",
            "extra": {
                "branch-alias": {
                    "dev-master": "1.2-dev"
                }
            },
            "autoload": {
                "psr-4": {
                    "Webuni\\FrontMatter\\": "src"
                }
            },
            "notification-url": "https://packagist.org/downloads/",
            "license": [
                "MIT"
            ],
            "authors": [
                {
                    "name": "Martin Hasoň",
                    "email": "martin.hason@gmail.com"
                },
                {
                    "name": "Webuni s.r.o.",
                    "homepage": "https://www.webuni.cz"
                }
            ],
            "description": "Front matter parser and dumper for PHP",
            "homepage": "https://github.com/webuni/front-matter",
            "keywords": [
                "front-matter",
                "json",
                "neon",
                "toml",
                "yaml"
            ],
            "time": "2018-03-20T13:36:33+00:00"
        }
    ],
    "packages-dev": [],
    "aliases": [],
    "minimum-stability": "stable",
    "stability-flags": [],
    "prefer-stable": false,
    "prefer-lowest": false,
    "platform": [],
    "platform-dev": []
}
